
Microsoft Visual Studio Solution File, Format Version 12.00
# Visual Studio Version 17
VisualStudioVersion = 17.5.33414.496
MinimumVisualStudioVersion = 10.0.40219.1
Project("{FAE04EC0-301F-11D3-BF4B-00C04F79EFBC}") = "Aula02Exercicio13", "Aula02Exercicio13.csproj", "{2A8DB77C-FFD5-4A79-B9A7-F9A6AEF8D8B0}"
EndProject
Global
	GlobalSection(SolutionConfigurationPlatforms) = preSolution
		Debug|Any CPU = Debug|Any CPU
		Release|Any CPU = Release|Any CPU
	EndGlobalSection
	GlobalSection(ProjectConfigurationPlatforms) = postSolution
		{2A8DB77C-FFD5-4A79-B9A7-F9A6AEF8D8B0}.Debug|Any CPU.ActiveCfg = Debug|Any CPU
		{2A8DB77C-FFD5-4A79-B9A7-F9A6AEF8D8B0}.Debug|Any CPU.Build.0 = Debug|Any CPU
		{2A8DB77C-FFD5-4A79-B9A7-F9A6AEF8D8B0}.Release|Any CPU.ActiveCfg = Release|Any CPU
		{2A8DB77C-FFD5-4A79-B9A7-F9A6AEF8D8B0}.Release|Any CPU.Build.0 = Release|Any CPU
	EndGlobalSection
	GlobalSection(SolutionProperties) = preSolution
		HideSolutionNode = FALSE
	EndGlobalSection
	GlobalSection(ExtensibilityGlobals) = postSolution
		SolutionGuid = {37F4F41C-EFC8-4C0F-B959-EF1A97F41B4E}
	EndGlobalSection
EndGlobal
